// !$*UTF8*$!
{
	archiveVersion = 1;
	classes = {
	};
	objectVersion = 46;
	objects = {

/* Begin PBXBuildFile section */
		0207DA581B56EA530066E2B4 /* Images.xcassets in Resources */ = {isa = PBXBuildFile; fileRef = 0207DA571B56EA530066E2B4 /* Images.xcassets */; };
		021CE8CD206B4868B139C8A0 /* AVFoundation.framework in Frameworks */ = {isa = PBXBuildFile; fileRef = CF742CAA4844467ABF31ED01 /* AVFoundation.framework */; };
		0C9939DAD55541B18286A936 /* libz.dylib in Frameworks */ = {isa = PBXBuildFile; fileRef = A2AACF49CB594E43A025AA8A /* libz.dylib */; settings = {ATTRIBUTES = (Weak, ); }; };
		1021A9AF0FD14A068D5FF6A2 /* GoogleMaps.bundle in Resources */ = {isa = PBXBuildFile; fileRef = EBDBC328B9764FFA910C5C8A /* GoogleMaps.bundle */; };
		12765678701D4711BCAE570E /* CsZBarScanView.xib in Resources */ = {isa = PBXBuildFile; fileRef = CB25ABF099324B4EB6EB741A /* CsZBarScanView.xib */; };
		134C1592BEBD4C49AD0BCB52 /* FBSDKCoreKit.framework in Frameworks */ = {isa = PBXBuildFile; fileRef = 6C16F8A8404F42E4B7649EC3 /* FBSDKCoreKit.framework */; };
		1C3457A1806D47EF8E8A38C8 /* NSString+URLEncoding.m in Sources */ = {isa = PBXBuildFile; fileRef = DDF452206BB547F78E4BF158 /* NSString+URLEncoding.m */; };
		1D3623260D0F684500981E51 /* AppDelegate.m in Sources */ = {isa = PBXBuildFile; fileRef = 1D3623250D0F684500981E51 /* AppDelegate.m */; };
		1D60589B0D05DD56006BFB54 /* main.m in Sources */ = {isa = PBXBuildFile; fileRef = 29B97316FDCFA39411CA2CEA /* main.m */; };
		20B8D71B18954DE48B836D58 /* GoogleUtilities.framework in Frameworks */ = {isa = PBXBuildFile; fileRef = EFAEA3E5A4E34AAEBED9E785 /* GoogleUtilities.framework */; };
		2118B209AA5242638B208FED /* CoreData.framework in Frameworks */ = {isa = PBXBuildFile; fileRef = 183FBD98D74D47958BAE9622 /* CoreData.framework */; };
		223A3BF684994E81AB7E3F99 /* libc++.tbd in Frameworks */ = {isa = PBXBuildFile; fileRef = E6981122544340F78603E9CB /* libc++.tbd */; };
		2B5AA9E5E9B04F34BAF9F7D4 /* QuartzCore.framework in Frameworks */ = {isa = PBXBuildFile; fileRef = 283D57FE6D6842D98D30E975 /* QuartzCore.framework */; };
		2FCFBA97639C4A93A7F34CBA /* SystemConfiguration.framework in Frameworks */ = {isa = PBXBuildFile; fileRef = B2EB3B18B2DA4C42A27644A8 /* SystemConfiguration.framework */; };
		301BF552109A68D80062928A /* libCordova.a in Frameworks */ = {isa = PBXBuildFile; fileRef = 301BF535109A57CC0062928A /* libCordova.a */; };
		302D95F114D2391D003F00A1 /* MainViewController.m in Sources */ = {isa = PBXBuildFile; fileRef = 302D95EF14D2391D003F00A1 /* MainViewController.m */; };
		302D95F214D2391D003F00A1 /* MainViewController.xib in Resources */ = {isa = PBXBuildFile; fileRef = 302D95F014D2391D003F00A1 /* MainViewController.xib */; };
		30D3D1725EF743E1801D14BC /* ImageIO.framework in Frameworks */ = {isa = PBXBuildFile; fileRef = 481CADB3B9554B369E415472 /* ImageIO.framework */; };
		36A04B0C23E94AD594F29F6B /* APPEmailComposer.m in Sources */ = {isa = PBXBuildFile; fileRef = D4D6ABC4BF464B4E81B184E4 /* APPEmailComposer.m */; };
		380D7AD2B88844AD9510397B /* FacebookConnectPlugin.m in Sources */ = {isa = PBXBuildFile; fileRef = 4DC6C62D247C4EB3A686E89B /* FacebookConnectPlugin.m */; };
		3A1A77863F484703917CD36E /* CDVDevice.m in Sources */ = {isa = PBXBuildFile; fileRef = 8B16619C72284E7598D55432 /* CDVDevice.m */; };
		40E6901902E147DB8CE7C0A5 /* GoogleSymbolUtilities.framework in Frameworks */ = {isa = PBXBuildFile; fileRef = 0F4B8AD03C2A4C95AF25939E /* GoogleSymbolUtilities.framework */; };
		41C04CCABFC64DF29C2FBFD6 /* GoogleAuthUtilities.framework in Frameworks */ = {isa = PBXBuildFile; fileRef = E6E8C14FADAE4E29A5B853AF /* GoogleAuthUtilities.framework */; };
		48E96D6AAE9141C9807D2054 /* IonicKeyboard.m in Sources */ = {isa = PBXBuildFile; fileRef = 4B4E7CDB9BB74BD583C32018 /* IonicKeyboard.m */; };
		4CDB2FDA250B45DA99CA6F5C /* OpenGLES.framework in Frameworks */ = {isa = PBXBuildFile; fileRef = 3DD3D770B3FC44C085435BF3 /* OpenGLES.framework */; };
		4E2DD8EF444B4BC29890252F /* libiconv.dylib in Frameworks */ = {isa = PBXBuildFile; fileRef = 8CEA3143615C46519772F254 /* libiconv.dylib */; };
		548227A77E004043BACC09C2 /* GoogleSignIn.framework in Frameworks */ = {isa = PBXBuildFile; fileRef = DB26836C7E1F49E4B412F41D /* GoogleSignIn.framework */; };
		5B942A49F9624D1191654FCA /* CDVAccelerometer.m in Sources */ = {isa = PBXBuildFile; fileRef = 8DACD3540A294B26B0089594 /* CDVAccelerometer.m */; };
		5EFFD43E1FE040898A0D21A9 /* CoreVideo.framework in Frameworks */ = {isa = PBXBuildFile; fileRef = 68EDAF1352B8485781BBF4E8 /* CoreVideo.framework */; };
		5FB638E91185496BAFF9B99A /* AddressBook.framework in Frameworks */ = {isa = PBXBuildFile; fileRef = AE7C2C65F93F475191BC0393 /* AddressBook.framework */; settings = {ATTRIBUTES = (Weak, ); }; };
		6AA21DA848064818B148BE4E /* SocialSharing.m in Sources */ = {isa = PBXBuildFile; fileRef = 5927C58B60CD43ADBB9625B3 /* SocialSharing.m */; };
		6AFF5BF91D6E424B00AB3073 /* CDVLaunchScreen.storyboard in Resources */ = {isa = PBXBuildFile; fileRef = 6AFF5BF81D6E424B00AB3073 /* CDVLaunchScreen.storyboard */; };
		6B42224206DE4128956A6ADF /* GoogleMaps.framework in Frameworks */ = {isa = PBXBuildFile; fileRef = B93E1BE2FB824C1081F48409 /* GoogleMaps.framework */; };
		6DD0D0C6CAAE4D9A93D9D271 /* FBSDKLoginKit.framework in Frameworks */ = {isa = PBXBuildFile; fileRef = 6A6425FF28E64893996EAC5D /* FBSDKLoginKit.framework */; };
		7A8321D68B1E4FED85E41EB0 /* CDVInAppBrowser.m in Sources */ = {isa = PBXBuildFile; fileRef = CA62B03B73384F4C892363DF /* CDVInAppBrowser.m */; };
		811193870D8342C09A7FC8FE /* CoreMotion.framework in Frameworks */ = {isa = PBXBuildFile; fileRef = D3A4FB148388435AAEC2417F /* CoreMotion.framework */; };
		83FD6B28CA5241718295A742 /* CDVLogger.m in Sources */ = {isa = PBXBuildFile; fileRef = 3B2994CD7AA647BE8ECC90B9 /* CDVLogger.m */; };
		8F5F253D6E9F4859A675BBEE /* GLKit.framework in Frameworks */ = {isa = PBXBuildFile; fileRef = 29FFD28D2D0049B99E8D6A83 /* GLKit.framework */; };
		A167902B2D1946DA9E3F5B56 /* Bolts.framework in Frameworks */ = {isa = PBXBuildFile; fileRef = F899F631DD2D467086ACE7C9 /* Bolts.framework */; };
		A2200FBE7B68491CB59085E6 /* UIKit.framework in Frameworks */ = {isa = PBXBuildFile; fileRef = 8FEEEC87836E4A89ADDC3073 /* UIKit.framework */; };
		A8677009450C4080AEC68EB3 /* CoreText.framework in Frameworks */ = {isa = PBXBuildFile; fileRef = F47A954E52454B26B002640D /* CoreText.framework */; };
		A9A288D695C1429794FEB75D /* Social.framework in Frameworks */ = {isa = PBXBuildFile; fileRef = DD73A52F2D3642DEAF8D128C /* Social.framework */; settings = {ATTRIBUTES = (Weak, ); }; };
		AA52DEDB11FB4A41A21999FD /* CDVStatusBar.m in Sources */ = {isa = PBXBuildFile; fileRef = 1C8221B1E6E147F2988911F8 /* CDVStatusBar.m */; };
		AE87636719B247DF897C03A4 /* CDVLocation.m in Sources */ = {isa = PBXBuildFile; fileRef = 11A7BF2B97B3415995315313 /* CDVLocation.m */; };
		AFF208A3C2D6452FA9B2150C /* CFCallNumber.m in Sources */ = {isa = PBXBuildFile; fileRef = 597C863DE6994213A9E9D457 /* CFCallNumber.m */; };
		B941B103D338456F95DE5CD8 /* GoogleMapsCore.framework in Frameworks */ = {isa = PBXBuildFile; fileRef = E90303AABB2E4CFEB6D3EAC0 /* GoogleMapsCore.framework */; };
		BD97A7F57F8B4B12979BE7B5 /* CDVCompass.m in Sources */ = {isa = PBXBuildFile; fileRef = 7F1CBED4D427448B80352D88 /* CDVCompass.m */; };
		BED42ECA45EE436D8B062005 /* FBSDKShareKit.framework in Frameworks */ = {isa = PBXBuildFile; fileRef = 8F6FFEE97D60454681DE0A53 /* FBSDKShareKit.framework */; };
		C075A6207EC94A7AA13C50AB /* APPEmailComposerImpl.m in Sources */ = {isa = PBXBuildFile; fileRef = D8FD0DB1F1714A1CB112A0F4 /* APPEmailComposerImpl.m */; };
		C17DC223953C4EC4AF999F4A /* CDVSplashScreen.m in Sources */ = {isa = PBXBuildFile; fileRef = 9E488F9FB32F4C79B0D6A518 /* CDVSplashScreen.m */; };
		C2A996C605FF4408AB1C2853 /* GoogleNetworkingUtilities.framework in Frameworks */ = {isa = PBXBuildFile; fileRef = 4DAF2325371943EABE0A485C /* GoogleNetworkingUtilities.framework */; };
		CCA09EE92DD6445DA9A852D4 /* CoreMedia.framework in Frameworks */ = {isa = PBXBuildFile; fileRef = A244F65925FE41BEA8474EA8 /* CoreMedia.framework */; };
		CFBE77548CA642348855993C /* CoreLocation.framework in Frameworks */ = {isa = PBXBuildFile; fileRef = 52EE4A536BEA4948B1B5BA02 /* CoreLocation.framework */; };
		D3D9B465207A454983581D92 /* AlmaZBarReaderViewController.m in Sources */ = {isa = PBXBuildFile; fileRef = 9EE2ECE003A04003B29C99AD /* AlmaZBarReaderViewController.m */; };
		D742524FEE69447CB67DF448 /* Security.framework in Frameworks */ = {isa = PBXBuildFile; fileRef = E6C3CE4F08CF473E8DDD4107 /* Security.framework */; settings = {ATTRIBUTES = (Weak, ); }; };
		DC93F77D7E2A4DEB809FE038 /* MessageUI.framework in Frameworks */ = {isa = PBXBuildFile; fileRef = 7F7EAEF217274A5CB868FD69 /* MessageUI.framework */; };
		E635FBB19F054394A12CE8D3 /* libz.tbd in Frameworks */ = {isa = PBXBuildFile; fileRef = 254611B2BBF74B7CB51CA554 /* libz.tbd */; };
		E83F0A8624614697B4479091 /* CsZBar.m in Sources */ = {isa = PBXBuildFile; fileRef = 5A8459B451E44E2D97A8A20E /* CsZBar.m */; };
		ED16E38B122E4E468E2395AA /* GooglePlus.m in Sources */ = {isa = PBXBuildFile; fileRef = C30201AF57934D6193801F0C /* GooglePlus.m */; };
		ED801E272E144C97ADE006C5 /* CDVViewController+SplashScreen.m in Sources */ = {isa = PBXBuildFile; fileRef = D4196CC191C940FD86C0B729 /* CDVViewController+SplashScreen.m */; };
		F0047746CCD04EBDB79B8C52 /* SafariServices.framework in Frameworks */ = {isa = PBXBuildFile; fileRef = 98BC16E9C4CC4331A65EF58A /* SafariServices.framework */; settings = {ATTRIBUTES = (Weak, ); }; };
		F2F3F8B36D0441869559E164 /* libzbar.a in Frameworks */ = {isa = PBXBuildFile; fileRef = 1882D72001D5451895624146 /* libzbar.a */; };
		FAE3CE8BB02E422EAB604A8B /* GoogleMapsBase.framework in Frameworks */ = {isa = PBXBuildFile; fileRef = C96C735339AF4FA7AE0A0256 /* GoogleMapsBase.framework */; };
		FF153D0438E84BA39A135025 /* GoogleAppUtilities.framework in Frameworks */ = {isa = PBXBuildFile; fileRef = 6C3A62858E004B8F82F17C51 /* GoogleAppUtilities.framework */; };
		FF70B66390AB415B90D50C17 /* Accelerate.framework in Frameworks */ = {isa = PBXBuildFile; fileRef = 5F0DAF8366984E3CB932EF86 /* Accelerate.framework */; };
/* End PBXBuildFile section */

/* Begin PBXContainerItemProxy section */
		301BF534109A57CC0062928A /* PBXContainerItemProxy */ = {
			isa = PBXContainerItemProxy;
			containerPortal = 301BF52D109A57CC0062928A /* CordovaLib.xcodeproj */;
			proxyType = 2;
			remoteGlobalIDString = D2AAC07E0554694100DB518D;
			remoteInfo = CordovaLib;
		};
		301BF550109A68C00062928A /* PBXContainerItemProxy */ = {
			isa = PBXContainerItemProxy;
			containerPortal = 301BF52D109A57CC0062928A /* CordovaLib.xcodeproj */;
			proxyType = 1;
			remoteGlobalIDString = D2AAC07D0554694100DB518D;
			remoteInfo = CordovaLib;
		};
/* End PBXContainerItemProxy section */

/* Begin PBXFileReference section */
		01646A91E78040B4981FEFB2 /* CsZBar.h */ = {isa = PBXFileReference; explicitFileType = undefined; fileEncoding = 4; includeInIndex = 0; lastKnownFileType = sourcecode.c.h; name = CsZBar.h; path = "cordova-plugin-cszbar/CsZBar.h"; sourceTree = "<group>"; };
		0207DA571B56EA530066E2B4 /* Images.xcassets */ = {isa = PBXFileReference; lastKnownFileType = folder.assetcatalog; name = Images.xcassets; path = "3M Marine/Images.xcassets"; sourceTree = SOURCE_ROOT; };
		0F4B8AD03C2A4C95AF25939E /* GoogleSymbolUtilities.framework */ = {isa = PBXFileReference; explicitFileType = undefined; fileEncoding = 9; includeInIndex = 0; lastKnownFileType = wrapper.framework; name = GoogleSymbolUtilities.framework; path = "3M Marine/Plugins/cordova-plugin-googleplus/GoogleSymbolUtilities.framework"; sourceTree = "<group>"; };
		11A7BF2B97B3415995315313 /* CDVLocation.m */ = {isa = PBXFileReference; explicitFileType = undefined; fileEncoding = 4; includeInIndex = 0; lastKnownFileType = sourcecode.c.objc; name = CDVLocation.m; path = "cordova-plugin-geolocation/CDVLocation.m"; sourceTree = "<group>"; };
		1279A7B0C50D4647BB7055C0 /* CDVAccelerometer.h */ = {isa = PBXFileReference; explicitFileType = undefined; fileEncoding = 4; includeInIndex = 0; lastKnownFileType = sourcecode.c.h; name = CDVAccelerometer.h; path = "cordova-plugin-device-motion/CDVAccelerometer.h"; sourceTree = "<group>"; };
		183FBD98D74D47958BAE9622 /* CoreData.framework */ = {isa = PBXFileReference; explicitFileType = undefined; fileEncoding = 9; includeInIndex = 0; lastKnownFileType = wrapper.framework; name = CoreData.framework; path = System/Library/Frameworks/CoreData.framework; sourceTree = SDKROOT; };
		1882D72001D5451895624146 /* libzbar.a */ = {isa = PBXFileReference; explicitFileType = undefined; fileEncoding = 9; includeInIndex = 0; lastKnownFileType = archive.ar; name = libzbar.a; path = "3M Marine/Plugins/cordova-plugin-cszbar/libzbar.a"; sourceTree = "<group>"; };
		1C8221B1E6E147F2988911F8 /* CDVStatusBar.m */ = {isa = PBXFileReference; explicitFileType = undefined; fileEncoding = 4; includeInIndex = 0; lastKnownFileType = sourcecode.c.objc; name = CDVStatusBar.m; path = "cordova-plugin-statusbar/CDVStatusBar.m"; sourceTree = "<group>"; };
		1C8DB413EF914D4D8759951C /* Image.h */ = {isa = PBXFileReference; explicitFileType = undefined; fileEncoding = 4; includeInIndex = 0; lastKnownFileType = sourcecode.c.h; name = Image.h; path = "cordova-plugin-cszbar/Image.h"; sourceTree = "<group>"; };
		1D3623240D0F684500981E51 /* AppDelegate.h */ = {isa = PBXFileReference; fileEncoding = 4; lastKnownFileType = sourcecode.c.h; path = AppDelegate.h; sourceTree = "<group>"; };
		1D3623250D0F684500981E51 /* AppDelegate.m */ = {isa = PBXFileReference; fileEncoding = 4; lastKnownFileType = sourcecode.c.objc; path = AppDelegate.m; sourceTree = "<group>"; };
		1D6058910D05DD3D006BFB54 /* 3M Marine.app */ = {isa = PBXFileReference; explicitFileType = wrapper.application; includeInIndex = 0; path = "3M Marine.app"; sourceTree = BUILT_PRODUCTS_DIR; };
		1DF777EC96D84E8493050627 /* CDVCompass.h */ = {isa = PBXFileReference; explicitFileType = undefined; fileEncoding = 4; includeInIndex = 0; lastKnownFileType = sourcecode.c.h; name = CDVCompass.h; path = "cordova-plugin-device-orientation/CDVCompass.h"; sourceTree = "<group>"; };
		254611B2BBF74B7CB51CA554 /* libz.tbd */ = {isa = PBXFileReference; explicitFileType = undefined; fileEncoding = 9; includeInIndex = 0; lastKnownFileType = "sourcecode.text-based-dylib-definition"; name = libz.tbd; path = usr/lib/libz.tbd; sourceTree = SDKROOT; };
		283D57FE6D6842D98D30E975 /* QuartzCore.framework */ = {isa = PBXFileReference; explicitFileType = undefined; fileEncoding = 9; includeInIndex = 0; lastKnownFileType = wrapper.framework; name = QuartzCore.framework; path = System/Library/Frameworks/QuartzCore.framework; sourceTree = SDKROOT; };
		29B95D3F783F417CA19C514A /* CDVLogger.h */ = {isa = PBXFileReference; explicitFileType = undefined; fileEncoding = 4; includeInIndex = 0; lastKnownFileType = sourcecode.c.h; name = CDVLogger.h; path = "cordova-plugin-console/CDVLogger.h"; sourceTree = "<group>"; };
		29B97316FDCFA39411CA2CEA /* main.m */ = {isa = PBXFileReference; fileEncoding = 4; lastKnownFileType = sourcecode.c.objc; path = main.m; sourceTree = "<group>"; };
		29FFD28D2D0049B99E8D6A83 /* GLKit.framework */ = {isa = PBXFileReference; explicitFileType = undefined; fileEncoding = 9; includeInIndex = 0; lastKnownFileType = wrapper.framework; name = GLKit.framework; path = System/Library/Frameworks/GLKit.framework; sourceTree = SDKROOT; };
		2D00975D4A7547BFA36B06EB /* ZBarReaderViewController.h */ = {isa = PBXFileReference; explicitFileType = undefined; fileEncoding = 4; includeInIndex = 0; lastKnownFileType = sourcecode.c.h; name = ZBarReaderViewController.h; path = "cordova-plugin-cszbar/ZBarReaderViewController.h"; sourceTree = "<group>"; };
		301BF52D109A57CC0062928A /* CordovaLib.xcodeproj */ = {isa = PBXFileReference; lastKnownFileType = "wrapper.pb-project"; name = CordovaLib.xcodeproj; path = CordovaLib/CordovaLib.xcodeproj; sourceTree = "<group>"; };
		301BF56E109A69640062928A /* www */ = {isa = PBXFileReference; lastKnownFileType = folder; path = www; sourceTree = SOURCE_ROOT; };
		302D95EE14D2391D003F00A1 /* MainViewController.h */ = {isa = PBXFileReference; fileEncoding = 4; lastKnownFileType = sourcecode.c.h; path = MainViewController.h; sourceTree = "<group>"; };
		302D95EF14D2391D003F00A1 /* MainViewController.m */ = {isa = PBXFileReference; fileEncoding = 4; lastKnownFileType = sourcecode.c.objc; path = MainViewController.m; sourceTree = "<group>"; };
		302D95F014D2391D003F00A1 /* MainViewController.xib */ = {isa = PBXFileReference; fileEncoding = 4; lastKnownFileType = file.xib; path = MainViewController.xib; sourceTree = "<group>"; };
		3047A50F1AB8059700498E2A /* build-debug.xcconfig */ = {isa = PBXFileReference; fileEncoding = 4; lastKnownFileType = text.xcconfig; name = "build-debug.xcconfig"; path = "cordova/build-debug.xcconfig"; sourceTree = SOURCE_ROOT; };
		3047A5101AB8059700498E2A /* build-release.xcconfig */ = {isa = PBXFileReference; fileEncoding = 4; lastKnownFileType = text.xcconfig; name = "build-release.xcconfig"; path = "cordova/build-release.xcconfig"; sourceTree = SOURCE_ROOT; };
		3047A5111AB8059700498E2A /* build.xcconfig */ = {isa = PBXFileReference; fileEncoding = 4; lastKnownFileType = text.xcconfig; name = build.xcconfig; path = cordova/build.xcconfig; sourceTree = SOURCE_ROOT; };
		32CA4F630368D1EE00C91783 /* 3M Marine-Prefix.pch */ = {isa = PBXFileReference; fileEncoding = 4; lastKnownFileType = sourcecode.c.h; path = "3M Marine-Prefix.pch"; sourceTree = "<group>"; };
		341246DC3BA748AC85149066 /* Video.h */ = {isa = PBXFileReference; explicitFileType = undefined; fileEncoding = 4; includeInIndex = 0; lastKnownFileType = sourcecode.c.h; name = Video.h; path = "cordova-plugin-cszbar/Video.h"; sourceTree = "<group>"; };
		35F690F274F34FDC8DF4DD0A /* Exception.h */ = {isa = PBXFileReference; explicitFileType = undefined; fileEncoding = 4; includeInIndex = 0; lastKnownFileType = sourcecode.c.h; name = Exception.h; path = "cordova-plugin-cszbar/Exception.h"; sourceTree = "<group>"; };
		3716E0EAD0BD4229A9E5157E /* ZBarReaderController.h */ = {isa = PBXFileReference; explicitFileType = undefined; fileEncoding = 4; includeInIndex = 0; lastKnownFileType = sourcecode.c.h; name = ZBarReaderController.h; path = "cordova-plugin-cszbar/ZBarReaderController.h"; sourceTree = "<group>"; };
		3A31ECEC585F441A89685A30 /* GooglePlus.h */ = {isa = PBXFileReference; explicitFileType = undefined; fileEncoding = 4; includeInIndex = 0; lastKnownFileType = sourcecode.c.h; name = GooglePlus.h; path = "cordova-plugin-googleplus/GooglePlus.h"; sourceTree = "<group>"; };
		3B2994CD7AA647BE8ECC90B9 /* CDVLogger.m */ = {isa = PBXFileReference; explicitFileType = undefined; fileEncoding = 4; includeInIndex = 0; lastKnownFileType = sourcecode.c.objc; name = CDVLogger.m; path = "cordova-plugin-console/CDVLogger.m"; sourceTree = "<group>"; };
		3DD3D770B3FC44C085435BF3 /* OpenGLES.framework */ = {isa = PBXFileReference; explicitFileType = undefined; fileEncoding = 9; includeInIndex = 0; lastKnownFileType = wrapper.framework; name = OpenGLES.framework; path = System/Library/Frameworks/OpenGLES.framework; sourceTree = SDKROOT; };
		47973E4FA832424BBB7C3116 /* CDVStatusBar.h */ = {isa = PBXFileReference; explicitFileType = undefined; fileEncoding = 4; includeInIndex = 0; lastKnownFileType = sourcecode.c.h; name = CDVStatusBar.h; path = "cordova-plugin-statusbar/CDVStatusBar.h"; sourceTree = "<group>"; };
		481CADB3B9554B369E415472 /* ImageIO.framework */ = {isa = PBXFileReference; explicitFileType = undefined; fileEncoding = 9; includeInIndex = 0; lastKnownFileType = wrapper.framework; name = ImageIO.framework; path = System/Library/Frameworks/ImageIO.framework; sourceTree = SDKROOT; };
		4B1E674633754F87A377E4F1 /* CDVInAppBrowser.h */ = {isa = PBXFileReference; explicitFileType = undefined; fileEncoding = 4; includeInIndex = 0; lastKnownFileType = sourcecode.c.h; name = CDVInAppBrowser.h; path = "cordova-plugin-inappbrowser/CDVInAppBrowser.h"; sourceTree = "<group>"; };
		4B4E7CDB9BB74BD583C32018 /* IonicKeyboard.m */ = {isa = PBXFileReference; explicitFileType = undefined; fileEncoding = 4; includeInIndex = 0; lastKnownFileType = sourcecode.c.objc; name = IonicKeyboard.m; path = "ionic-plugin-keyboard/IonicKeyboard.m"; sourceTree = "<group>"; };
		4DAF2325371943EABE0A485C /* GoogleNetworkingUtilities.framework */ = {isa = PBXFileReference; explicitFileType = undefined; fileEncoding = 9; includeInIndex = 0; lastKnownFileType = wrapper.framework; name = GoogleNetworkingUtilities.framework; path = "3M Marine/Plugins/cordova-plugin-googleplus/GoogleNetworkingUtilities.framework"; sourceTree = "<group>"; };
		4DC6C62D247C4EB3A686E89B /* FacebookConnectPlugin.m */ = {isa = PBXFileReference; explicitFileType = undefined; fileEncoding = 4; includeInIndex = 0; lastKnownFileType = sourcecode.c.objc; name = FacebookConnectPlugin.m; path = "cordova-plugin-facebook4/FacebookConnectPlugin.m"; sourceTree = "<group>"; };
		52EE4A536BEA4948B1B5BA02 /* CoreLocation.framework */ = {isa = PBXFileReference; explicitFileType = undefined; fileEncoding = 9; includeInIndex = 0; lastKnownFileType = wrapper.framework; name = CoreLocation.framework; path = System/Library/Frameworks/CoreLocation.framework; sourceTree = SDKROOT; };
		5624587A1E65910D005D86A0 /* 3M Marine.entitlements */ = {isa = PBXFileReference; lastKnownFileType = text.plist.entitlements; name = "3M Marine.entitlements"; path = "3M Marine/3M Marine.entitlements"; sourceTree = "<group>"; };
		58C64EDFB28E4631BC4638C7 /* ZBarSymbol.h */ = {isa = PBXFileReference; explicitFileType = undefined; fileEncoding = 4; includeInIndex = 0; lastKnownFileType = sourcecode.c.h; name = ZBarSymbol.h; path = "cordova-plugin-cszbar/ZBarSymbol.h"; sourceTree = "<group>"; };
		58DA473783F941EC90099AC5 /* CDVViewController+SplashScreen.h */ = {isa = PBXFileReference; explicitFileType = undefined; fileEncoding = 4; includeInIndex = 0; lastKnownFileType = sourcecode.c.h; name = "CDVViewController+SplashScreen.h"; path = "cordova-plugin-splashscreen/CDVViewController+SplashScreen.h"; sourceTree = "<group>"; };
		5927C58B60CD43ADBB9625B3 /* SocialSharing.m */ = {isa = PBXFileReference; explicitFileType = undefined; fileEncoding = 4; includeInIndex = 0; lastKnownFileType = sourcecode.c.objc; name = SocialSharing.m; path = "cordova-plugin-x-socialsharing/SocialSharing.m"; sourceTree = "<group>"; };
		597C863DE6994213A9E9D457 /* CFCallNumber.m */ = {isa = PBXFileReference; explicitFileType = undefined; fileEncoding = 4; includeInIndex = 0; lastKnownFileType = sourcecode.c.objc; name = CFCallNumber.m; path = mx.ferreyra.callnumber/CFCallNumber.m; sourceTree = "<group>"; };
		5A8459B451E44E2D97A8A20E /* CsZBar.m */ = {isa = PBXFileReference; explicitFileType = undefined; fileEncoding = 4; includeInIndex = 0; lastKnownFileType = sourcecode.c.objc; name = CsZBar.m; path = "cordova-plugin-cszbar/CsZBar.m"; sourceTree = "<group>"; };
		5F0DAF8366984E3CB932EF86 /* Accelerate.framework */ = {isa = PBXFileReference; explicitFileType = undefined; fileEncoding = 9; includeInIndex = 0; lastKnownFileType = wrapper.framework; name = Accelerate.framework; path = System/Library/Frameworks/Accelerate.framework; sourceTree = SDKROOT; };
		6501E2D72DA84C8FA2A24C98 /* Window.h */ = {isa = PBXFileReference; explicitFileType = undefined; fileEncoding = 4; includeInIndex = 0; lastKnownFileType = sourcecode.c.h; name = Window.h; path = "cordova-plugin-cszbar/Window.h"; sourceTree = "<group>"; };
		68EDAF1352B8485781BBF4E8 /* CoreVideo.framework */ = {isa = PBXFileReference; explicitFileType = undefined; fileEncoding = 9; includeInIndex = 0; lastKnownFileType = wrapper.framework; name = CoreVideo.framework; path = System/Library/Frameworks/CoreVideo.framework; sourceTree = SDKROOT; };
		690128979ABB44F9903D6BBF /* APPEmailComposer.h */ = {isa = PBXFileReference; explicitFileType = undefined; fileEncoding = 4; includeInIndex = 0; lastKnownFileType = sourcecode.c.h; name = APPEmailComposer.h; path = "cordova-plugin-email/APPEmailComposer.h"; sourceTree = "<group>"; };
		6A6425FF28E64893996EAC5D /* FBSDKLoginKit.framework */ = {isa = PBXFileReference; explicitFileType = undefined; fileEncoding = 9; includeInIndex = 0; lastKnownFileType = wrapper.framework; name = FBSDKLoginKit.framework; path = "3M Marine/Plugins/cordova-plugin-facebook4/FBSDKLoginKit.framework"; sourceTree = "<group>"; };
		6AFF5BF81D6E424B00AB3073 /* CDVLaunchScreen.storyboard */ = {isa = PBXFileReference; fileEncoding = 4; lastKnownFileType = file.storyboard; name = CDVLaunchScreen.storyboard; path = "3M Marine/CDVLaunchScreen.storyboard"; sourceTree = SOURCE_ROOT; };
		6C16F8A8404F42E4B7649EC3 /* FBSDKCoreKit.framework */ = {isa = PBXFileReference; explicitFileType = undefined; fileEncoding = 9; includeInIndex = 0; lastKnownFileType = wrapper.framework; name = FBSDKCoreKit.framework; path = "3M Marine/Plugins/cordova-plugin-facebook4/FBSDKCoreKit.framework"; sourceTree = "<group>"; };
		6C3A62858E004B8F82F17C51 /* GoogleAppUtilities.framework */ = {isa = PBXFileReference; explicitFileType = undefined; fileEncoding = 9; includeInIndex = 0; lastKnownFileType = wrapper.framework; name = GoogleAppUtilities.framework; path = "3M Marine/Plugins/cordova-plugin-googleplus/GoogleAppUtilities.framework"; sourceTree = "<group>"; };
		756F6690FC5E4F77861714C0 /* ImageScanner.h */ = {isa = PBXFileReference; explicitFileType = undefined; fileEncoding = 4; includeInIndex = 0; lastKnownFileType = sourcecode.c.h; name = ImageScanner.h; path = "cordova-plugin-cszbar/ImageScanner.h"; sourceTree = "<group>"; };
		7B488DB9D76541DFAE125683 /* IonicKeyboard.h */ = {isa = PBXFileReference; explicitFileType = undefined; fileEncoding = 4; includeInIndex = 0; lastKnownFileType = sourcecode.c.h; name = IonicKeyboard.h; path = "ionic-plugin-keyboard/IonicKeyboard.h"; sourceTree = "<group>"; };
		7F1CBED4D427448B80352D88 /* CDVCompass.m */ = {isa = PBXFileReference; explicitFileType = undefined; fileEncoding = 4; includeInIndex = 0; lastKnownFileType = sourcecode.c.objc; name = CDVCompass.m; path = "cordova-plugin-device-orientation/CDVCompass.m"; sourceTree = "<group>"; };
		7F7EAEF217274A5CB868FD69 /* MessageUI.framework */ = {isa = PBXFileReference; explicitFileType = undefined; fileEncoding = 9; includeInIndex = 0; lastKnownFileType = wrapper.framework; name = MessageUI.framework; path = System/Library/Frameworks/MessageUI.framework; sourceTree = SDKROOT; };
		8246FBFB57904D5B9F92B54D /* ZBarSDK.h */ = {isa = PBXFileReference; explicitFileType = undefined; fileEncoding = 4; includeInIndex = 0; lastKnownFileType = sourcecode.c.h; name = ZBarSDK.h; path = "cordova-plugin-cszbar/ZBarSDK.h"; sourceTree = "<group>"; };
		894A2C8C062E41EAB9FB8483 /* ZBarImage.h */ = {isa = PBXFileReference; explicitFileType = undefined; fileEncoding = 4; includeInIndex = 0; lastKnownFileType = sourcecode.c.h; name = ZBarImage.h; path = "cordova-plugin-cszbar/ZBarImage.h"; sourceTree = "<group>"; };
		8B16619C72284E7598D55432 /* CDVDevice.m */ = {isa = PBXFileReference; explicitFileType = undefined; fileEncoding = 4; includeInIndex = 0; lastKnownFileType = sourcecode.c.objc; name = CDVDevice.m; path = "cordova-plugin-device/CDVDevice.m"; sourceTree = "<group>"; };
		8CEA3143615C46519772F254 /* libiconv.dylib */ = {isa = PBXFileReference; explicitFileType = undefined; fileEncoding = 9; includeInIndex = 0; lastKnownFileType = "compiled.mach-o.dylib"; name = libiconv.dylib; path = usr/lib/libiconv.dylib; sourceTree = SDKROOT; };
		8D1107310486CEB800E47090 /* 3M Marine-Info.plist */ = {isa = PBXFileReference; fileEncoding = 4; lastKnownFileType = text.plist.xml; name = "3M Marine-Info.plist"; path = "3M Marine/3M Marine-Info.plist"; plistStructureDefinitionIdentifier = "com.apple.xcode.plist.structure-definition.iphone.info-plist"; sourceTree = SOURCE_ROOT; };
		8D26DCB5EAD045F0BABB70EE /* NSString+URLEncoding.h */ = {isa = PBXFileReference; explicitFileType = undefined; fileEncoding = 4; includeInIndex = 0; lastKnownFileType = sourcecode.c.h; name = "NSString+URLEncoding.h"; path = "cordova-plugin-x-socialsharing/NSString+URLEncoding.h"; sourceTree = "<group>"; };
		8DACD3540A294B26B0089594 /* CDVAccelerometer.m */ = {isa = PBXFileReference; explicitFileType = undefined; fileEncoding = 4; includeInIndex = 0; lastKnownFileType = sourcecode.c.objc; name = CDVAccelerometer.m; path = "cordova-plugin-device-motion/CDVAccelerometer.m"; sourceTree = "<group>"; };
		8F5D85E1917E492BA9C430D5 /* zbar.h */ = {isa = PBXFileReference; explicitFileType = undefined; fileEncoding = 4; includeInIndex = 0; lastKnownFileType = sourcecode.c.h; name = zbar.h; path = "cordova-plugin-cszbar/zbar.h"; sourceTree = "<group>"; };
		8F6FFEE97D60454681DE0A53 /* FBSDKShareKit.framework */ = {isa = PBXFileReference; explicitFileType = undefined; fileEncoding = 9; includeInIndex = 0; lastKnownFileType = wrapper.framework; name = FBSDKShareKit.framework; path = "3M Marine/Plugins/cordova-plugin-facebook4/FBSDKShareKit.framework"; sourceTree = "<group>"; };
		8FEEEC87836E4A89ADDC3073 /* UIKit.framework */ = {isa = PBXFileReference; explicitFileType = undefined; fileEncoding = 9; includeInIndex = 0; lastKnownFileType = wrapper.framework; name = UIKit.framework; path = System/Library/Frameworks/UIKit.framework; sourceTree = SDKROOT; };
		947B5EBD7DF94866A3F68C0E /* ZBarReaderView.h */ = {isa = PBXFileReference; explicitFileType = undefined; fileEncoding = 4; includeInIndex = 0; lastKnownFileType = sourcecode.c.h; name = ZBarReaderView.h; path = "cordova-plugin-cszbar/ZBarReaderView.h"; sourceTree = "<group>"; };
		98BC16E9C4CC4331A65EF58A /* SafariServices.framework */ = {isa = PBXFileReference; explicitFileType = undefined; fileEncoding = 9; includeInIndex = 0; lastKnownFileType = wrapper.framework; name = SafariServices.framework; path = System/Library/Frameworks/SafariServices.framework; sourceTree = SDKROOT; };
		9DDF2E52888645BDAF117048 /* ZBarCaptureReader.h */ = {isa = PBXFileReference; explicitFileType = undefined; fileEncoding = 4; includeInIndex = 0; lastKnownFileType = sourcecode.c.h; name = ZBarCaptureReader.h; path = "cordova-plugin-cszbar/ZBarCaptureReader.h"; sourceTree = "<group>"; };
		9E488F9FB32F4C79B0D6A518 /* CDVSplashScreen.m */ = {isa = PBXFileReference; explicitFileType = undefined; fileEncoding = 4; includeInIndex = 0; lastKnownFileType = sourcecode.c.objc; name = CDVSplashScreen.m; path = "cordova-plugin-splashscreen/CDVSplashScreen.m"; sourceTree = "<group>"; };
		9EE2ECE003A04003B29C99AD /* AlmaZBarReaderViewController.m */ = {isa = PBXFileReference; explicitFileType = undefined; fileEncoding = 4; includeInIndex = 0; lastKnownFileType = sourcecode.c.objc; name = AlmaZBarReaderViewController.m; path = "cordova-plugin-cszbar/AlmaZBarReaderViewController.m"; sourceTree = "<group>"; };
		A244F65925FE41BEA8474EA8 /* CoreMedia.framework */ = {isa = PBXFileReference; explicitFileType = undefined; fileEncoding = 9; includeInIndex = 0; lastKnownFileType = wrapper.framework; name = CoreMedia.framework; path = System/Library/Frameworks/CoreMedia.framework; sourceTree = SDKROOT; };
		A24F3BDA22B044F19C75A5DC /* Scanner.h */ = {isa = PBXFileReference; explicitFileType = undefined; fileEncoding = 4; includeInIndex = 0; lastKnownFileType = sourcecode.c.h; name = Scanner.h; path = "cordova-plugin-cszbar/Scanner.h"; sourceTree = "<group>"; };
		A2AACF49CB594E43A025AA8A /* libz.dylib */ = {isa = PBXFileReference; explicitFileType = undefined; fileEncoding = 9; includeInIndex = 0; lastKnownFileType = "compiled.mach-o.dylib"; name = libz.dylib; path = usr/lib/libz.dylib; sourceTree = SDKROOT; };
		AE7C2C65F93F475191BC0393 /* AddressBook.framework */ = {isa = PBXFileReference; explicitFileType = undefined; fileEncoding = 9; includeInIndex = 0; lastKnownFileType = wrapper.framework; name = AddressBook.framework; path = System/Library/Frameworks/AddressBook.framework; sourceTree = SDKROOT; };
		B2EB3B18B2DA4C42A27644A8 /* SystemConfiguration.framework */ = {isa = PBXFileReference; explicitFileType = undefined; fileEncoding = 9; includeInIndex = 0; lastKnownFileType = wrapper.framework; name = SystemConfiguration.framework; path = System/Library/Frameworks/SystemConfiguration.framework; sourceTree = SDKROOT; };
		B93E1BE2FB824C1081F48409 /* GoogleMaps.framework */ = {isa = PBXFileReference; explicitFileType = undefined; fileEncoding = 9; includeInIndex = 0; lastKnownFileType = wrapper.framework; name = GoogleMaps.framework; path = "3M Marine/Plugins/com.googlemaps.ios/GoogleMaps.framework"; sourceTree = "<group>"; };
		BF71B15FB279479EA86535E5 /* ZBarImageScanner.h */ = {isa = PBXFileReference; explicitFileType = undefined; fileEncoding = 4; includeInIndex = 0; lastKnownFileType = sourcecode.c.h; name = ZBarImageScanner.h; path = "cordova-plugin-cszbar/ZBarImageScanner.h"; sourceTree = "<group>"; };
		C0F6937A3BF94196A1FD6F89 /* CDVSplashScreen.h */ = {isa = PBXFileReference; explicitFileType = undefined; fileEncoding = 4; includeInIndex = 0; lastKnownFileType = sourcecode.c.h; name = CDVSplashScreen.h; path = "cordova-plugin-splashscreen/CDVSplashScreen.h"; sourceTree = "<group>"; };
		C27C7CDBE01F47328BD589C0 /* FacebookConnectPlugin.h */ = {isa = PBXFileReference; explicitFileType = undefined; fileEncoding = 4; includeInIndex = 0; lastKnownFileType = sourcecode.c.h; name = FacebookConnectPlugin.h; path = "cordova-plugin-facebook4/FacebookConnectPlugin.h"; sourceTree = "<group>"; };
		C30201AF57934D6193801F0C /* GooglePlus.m */ = {isa = PBXFileReference; explicitFileType = undefined; fileEncoding = 4; includeInIndex = 0; lastKnownFileType = sourcecode.c.objc; name = GooglePlus.m; path = "cordova-plugin-googleplus/GooglePlus.m"; sourceTree = "<group>"; };
		C6B3AC311D8F412386D8CB01 /* APPEmailComposerImpl.h */ = {isa = PBXFileReference; explicitFileType = undefined; fileEncoding = 4; includeInIndex = 0; lastKnownFileType = sourcecode.c.h; name = APPEmailComposerImpl.h; path = "cordova-plugin-email/APPEmailComposerImpl.h"; sourceTree = "<group>"; };
		C96C735339AF4FA7AE0A0256 /* GoogleMapsBase.framework */ = {isa = PBXFileReference; explicitFileType = undefined; fileEncoding = 9; includeInIndex = 0; lastKnownFileType = wrapper.framework; name = GoogleMapsBase.framework; path = "3M Marine/Plugins/com.googlemaps.ios/GoogleMapsBase.framework"; sourceTree = "<group>"; };
		CA62B03B73384F4C892363DF /* CDVInAppBrowser.m */ = {isa = PBXFileReference; explicitFileType = undefined; fileEncoding = 4; includeInIndex = 0; lastKnownFileType = sourcecode.c.objc; name = CDVInAppBrowser.m; path = "cordova-plugin-inappbrowser/CDVInAppBrowser.m"; sourceTree = "<group>"; };
		CAB9BAEA50C34456950728FE /* ZBarHelpController.h */ = {isa = PBXFileReference; explicitFileType = undefined; fileEncoding = 4; includeInIndex = 0; lastKnownFileType = sourcecode.c.h; name = ZBarHelpController.h; path = "cordova-plugin-cszbar/ZBarHelpController.h"; sourceTree = "<group>"; };
		CB25ABF099324B4EB6EB741A /* CsZBarScanView.xib */ = {isa = PBXFileReference; explicitFileType = undefined; fileEncoding = 9; includeInIndex = 0; lastKnownFileType = file.xib; path = CsZBarScanView.xib; sourceTree = "<group>"; };
		CF742CAA4844467ABF31ED01 /* AVFoundation.framework */ = {isa = PBXFileReference; explicitFileType = undefined; fileEncoding = 9; includeInIndex = 0; lastKnownFileType = wrapper.framework; name = AVFoundation.framework; path = System/Library/Frameworks/AVFoundation.framework; sourceTree = SDKROOT; };
		D1D5E63D289347BE8CC061F7 /* Decoder.h */ = {isa = PBXFileReference; explicitFileType = undefined; fileEncoding = 4; includeInIndex = 0; lastKnownFileType = sourcecode.c.h; name = Decoder.h; path = "cordova-plugin-cszbar/Decoder.h"; sourceTree = "<group>"; };
		D3A4FB148388435AAEC2417F /* CoreMotion.framework */ = {isa = PBXFileReference; explicitFileType = undefined; fileEncoding = 9; includeInIndex = 0; lastKnownFileType = wrapper.framework; name = CoreMotion.framework; path = System/Library/Frameworks/CoreMotion.framework; sourceTree = SDKROOT; };
		D4196CC191C940FD86C0B729 /* CDVViewController+SplashScreen.m */ = {isa = PBXFileReference; explicitFileType = undefined; fileEncoding = 4; includeInIndex = 0; lastKnownFileType = sourcecode.c.objc; name = "CDVViewController+SplashScreen.m"; path = "cordova-plugin-splashscreen/CDVViewController+SplashScreen.m"; sourceTree = "<group>"; };
		D4D6ABC4BF464B4E81B184E4 /* APPEmailComposer.m */ = {isa = PBXFileReference; explicitFileType = undefined; fileEncoding = 4; includeInIndex = 0; lastKnownFileType = sourcecode.c.objc; name = APPEmailComposer.m; path = "cordova-plugin-email/APPEmailComposer.m"; sourceTree = "<group>"; };
		D67C7636684A4B6391CC2AD4 /* ZBarCameraSimulator.h */ = {isa = PBXFileReference; explicitFileType = undefined; fileEncoding = 4; includeInIndex = 0; lastKnownFileType = sourcecode.c.h; name = ZBarCameraSimulator.h; path = "cordova-plugin-cszbar/ZBarCameraSimulator.h"; sourceTree = "<group>"; };
		D8FD0DB1F1714A1CB112A0F4 /* APPEmailComposerImpl.m */ = {isa = PBXFileReference; explicitFileType = undefined; fileEncoding = 4; includeInIndex = 0; lastKnownFileType = sourcecode.c.objc; name = APPEmailComposerImpl.m; path = "cordova-plugin-email/APPEmailComposerImpl.m"; sourceTree = "<group>"; };
		DB26836C7E1F49E4B412F41D /* GoogleSignIn.framework */ = {isa = PBXFileReference; explicitFileType = undefined; fileEncoding = 9; includeInIndex = 0; lastKnownFileType = wrapper.framework; name = GoogleSignIn.framework; path = "3M Marine/Plugins/cordova-plugin-googleplus/GoogleSignIn.framework"; sourceTree = "<group>"; };
		DD73A52F2D3642DEAF8D128C /* Social.framework */ = {isa = PBXFileReference; explicitFileType = undefined; fileEncoding = 9; includeInIndex = 0; lastKnownFileType = wrapper.framework; name = Social.framework; path = System/Library/Frameworks/Social.framework; sourceTree = SDKROOT; };
		DDF452206BB547F78E4BF158 /* NSString+URLEncoding.m */ = {isa = PBXFileReference; explicitFileType = undefined; fileEncoding = 4; includeInIndex = 0; lastKnownFileType = sourcecode.c.objc; name = "NSString+URLEncoding.m"; path = "cordova-plugin-x-socialsharing/NSString+URLEncoding.m"; sourceTree = "<group>"; };
		DE04DE582B4A4EC4B170EA5F /* CDVDevice.h */ = {isa = PBXFileReference; explicitFileType = undefined; fileEncoding = 4; includeInIndex = 0; lastKnownFileType = sourcecode.c.h; name = CDVDevice.h; path = "cordova-plugin-device/CDVDevice.h"; sourceTree = "<group>"; };
		DF03B9575D9F4CCC940CC527 /* Processor.h */ = {isa = PBXFileReference; explicitFileType = undefined; fileEncoding = 4; includeInIndex = 0; lastKnownFileType = sourcecode.c.h; name = Processor.h; path = "cordova-plugin-cszbar/Processor.h"; sourceTree = "<group>"; };
		DF64495B14254A42970C6098 /* Symbol.h */ = {isa = PBXFileReference; explicitFileType = undefined; fileEncoding = 4; includeInIndex = 0; lastKnownFileType = sourcecode.c.h; name = Symbol.h; path = "cordova-plugin-cszbar/Symbol.h"; sourceTree = "<group>"; };
		E0F99E4997C94112A7A837DB /* CFCallNumber.h */ = {isa = PBXFileReference; explicitFileType = undefined; fileEncoding = 4; includeInIndex = 0; lastKnownFileType = sourcecode.c.h; name = CFCallNumber.h; path = mx.ferreyra.callnumber/CFCallNumber.h; sourceTree = "<group>"; };
		E6981122544340F78603E9CB /* libc++.tbd */ = {isa = PBXFileReference; explicitFileType = undefined; fileEncoding = 9; includeInIndex = 0; lastKnownFileType = "sourcecode.text-based-dylib-definition"; name = "libc++.tbd"; path = "usr/lib/libc++.tbd"; sourceTree = SDKROOT; };
		E6C3CE4F08CF473E8DDD4107 /* Security.framework */ = {isa = PBXFileReference; explicitFileType = undefined; fileEncoding = 9; includeInIndex = 0; lastKnownFileType = wrapper.framework; name = Security.framework; path = System/Library/Frameworks/Security.framework; sourceTree = SDKROOT; };
		E6E8C14FADAE4E29A5B853AF /* GoogleAuthUtilities.framework */ = {isa = PBXFileReference; explicitFileType = undefined; fileEncoding = 9; includeInIndex = 0; lastKnownFileType = wrapper.framework; name = GoogleAuthUtilities.framework; path = "3M Marine/Plugins/cordova-plugin-googleplus/GoogleAuthUtilities.framework"; sourceTree = "<group>"; };
		E90303AABB2E4CFEB6D3EAC0 /* GoogleMapsCore.framework */ = {isa = PBXFileReference; explicitFileType = undefined; fileEncoding = 9; includeInIndex = 0; lastKnownFileType = wrapper.framework; name = GoogleMapsCore.framework; path = "3M Marine/Plugins/com.googlemaps.ios/GoogleMapsCore.framework"; sourceTree = "<group>"; };
		EAA758392A734B199ED18939 /* AlmaZBarReaderViewController.h */ = {isa = PBXFileReference; explicitFileType = undefined; fileEncoding = 4; includeInIndex = 0; lastKnownFileType = sourcecode.c.h; name = AlmaZBarReaderViewController.h; path = "cordova-plugin-cszbar/AlmaZBarReaderViewController.h"; sourceTree = "<group>"; };
		EB14067B0DA64E6281485281 /* CDVLocation.h */ = {isa = PBXFileReference; explicitFileType = undefined; fileEncoding = 4; includeInIndex = 0; lastKnownFileType = sourcecode.c.h; name = CDVLocation.h; path = "cordova-plugin-geolocation/CDVLocation.h"; sourceTree = "<group>"; };
		EB87FDF31871DA8E0020F90C /* www */ = {isa = PBXFileReference; lastKnownFileType = folder; name = www; path = ../../www; sourceTree = "<group>"; };
		EB87FDF41871DAF40020F90C /* config.xml */ = {isa = PBXFileReference; lastKnownFileType = text.xml; name = config.xml; path = ../../config.xml; sourceTree = "<group>"; };
		EBDBC328B9764FFA910C5C8A /* GoogleMaps.bundle */ = {isa = PBXFileReference; explicitFileType = undefined; fileEncoding = 9; includeInIndex = 0; lastKnownFileType = "wrapper.plug-in"; path = GoogleMaps.bundle; sourceTree = "<group>"; };
		ED33DF2A687741AEAF9F8254 /* Bridging-Header.h */ = {isa = PBXFileReference; fileEncoding = 4; lastKnownFileType = sourcecode.c.h; path = "Bridging-Header.h"; sourceTree = "<group>"; };
		EFAEA3E5A4E34AAEBED9E785 /* GoogleUtilities.framework */ = {isa = PBXFileReference; explicitFileType = undefined; fileEncoding = 9; includeInIndex = 0; lastKnownFileType = wrapper.framework; name = GoogleUtilities.framework; path = "3M Marine/Plugins/cordova-plugin-googleplus/GoogleUtilities.framework"; sourceTree = "<group>"; };
		F374D6A3B1F44C1D843EA271 /* SocialSharing.h */ = {isa = PBXFileReference; explicitFileType = undefined; fileEncoding = 4; includeInIndex = 0; lastKnownFileType = sourcecode.c.h; name = SocialSharing.h; path = "cordova-plugin-x-socialsharing/SocialSharing.h"; sourceTree = "<group>"; };
		F47A954E52454B26B002640D /* CoreText.framework */ = {isa = PBXFileReference; explicitFileType = undefined; fileEncoding = 9; includeInIndex = 0; lastKnownFileType = wrapper.framework; name = CoreText.framework; path = System/Library/Frameworks/CoreText.framework; sourceTree = SDKROOT; };
		F840E1F0165FE0F500CFE078 /* config.xml */ = {isa = PBXFileReference; lastKnownFileType = text.xml; name = config.xml; path = "3M Marine/config.xml"; sourceTree = "<group>"; };
		F899F631DD2D467086ACE7C9 /* Bolts.framework */ = {isa = PBXFileReference; explicitFileType = undefined; fileEncoding = 9; includeInIndex = 0; lastKnownFileType = wrapper.framework; name = Bolts.framework; path = "3M Marine/Plugins/cordova-plugin-facebook4/Bolts.framework"; sourceTree = "<group>"; };
/* End PBXFileReference section */

/* Begin PBXFrameworksBuildPhase section */
		1D60588F0D05DD3D006BFB54 /* Frameworks */ = {
			isa = PBXFrameworksBuildPhase;
			buildActionMask = 2147483647;
			files = (
				301BF552109A68D80062928A /* libCordova.a in Frameworks */,
				FF70B66390AB415B90D50C17 /* Accelerate.framework in Frameworks */,
				2118B209AA5242638B208FED /* CoreData.framework in Frameworks */,
				CFBE77548CA642348855993C /* CoreLocation.framework in Frameworks */,
				A8677009450C4080AEC68EB3 /* CoreText.framework in Frameworks */,
				8F5F253D6E9F4859A675BBEE /* GLKit.framework in Frameworks */,
				30D3D1725EF743E1801D14BC /* ImageIO.framework in Frameworks */,
				223A3BF684994E81AB7E3F99 /* libc++.tbd in Frameworks */,
				E635FBB19F054394A12CE8D3 /* libz.tbd in Frameworks */,
				4CDB2FDA250B45DA99CA6F5C /* OpenGLES.framework in Frameworks */,
				2B5AA9E5E9B04F34BAF9F7D4 /* QuartzCore.framework in Frameworks */,
				2FCFBA97639C4A93A7F34CBA /* SystemConfiguration.framework in Frameworks */,
				A2200FBE7B68491CB59085E6 /* UIKit.framework in Frameworks */,
				FAE3CE8BB02E422EAB604A8B /* GoogleMapsBase.framework in Frameworks */,
				6B42224206DE4128956A6ADF /* GoogleMaps.framework in Frameworks */,
				B941B103D338456F95DE5CD8 /* GoogleMapsCore.framework in Frameworks */,
				F2F3F8B36D0441869559E164 /* libzbar.a in Frameworks */,
				021CE8CD206B4868B139C8A0 /* AVFoundation.framework in Frameworks */,
				CCA09EE92DD6445DA9A852D4 /* CoreMedia.framework in Frameworks */,
				5EFFD43E1FE040898A0D21A9 /* CoreVideo.framework in Frameworks */,
				4E2DD8EF444B4BC29890252F /* libiconv.dylib in Frameworks */,
				811193870D8342C09A7FC8FE /* CoreMotion.framework in Frameworks */,
				DC93F77D7E2A4DEB809FE038 /* MessageUI.framework in Frameworks */,
				A167902B2D1946DA9E3F5B56 /* Bolts.framework in Frameworks */,
				134C1592BEBD4C49AD0BCB52 /* FBSDKCoreKit.framework in Frameworks */,
				6DD0D0C6CAAE4D9A93D9D271 /* FBSDKLoginKit.framework in Frameworks */,
				BED42ECA45EE436D8B062005 /* FBSDKShareKit.framework in Frameworks */,
				FF153D0438E84BA39A135025 /* GoogleAppUtilities.framework in Frameworks */,
				41C04CCABFC64DF29C2FBFD6 /* GoogleAuthUtilities.framework in Frameworks */,
				C2A996C605FF4408AB1C2853 /* GoogleNetworkingUtilities.framework in Frameworks */,
				548227A77E004043BACC09C2 /* GoogleSignIn.framework in Frameworks */,
				40E6901902E147DB8CE7C0A5 /* GoogleSymbolUtilities.framework in Frameworks */,
				20B8D71B18954DE48B836D58 /* GoogleUtilities.framework in Frameworks */,
				5FB638E91185496BAFF9B99A /* AddressBook.framework in Frameworks */,
				F0047746CCD04EBDB79B8C52 /* SafariServices.framework in Frameworks */,
				D742524FEE69447CB67DF448 /* Security.framework in Frameworks */,
				0C9939DAD55541B18286A936 /* libz.dylib in Frameworks */,
				A9A288D695C1429794FEB75D /* Social.framework in Frameworks */,
			);
			runOnlyForDeploymentPostprocessing = 0;
		};
/* End PBXFrameworksBuildPhase section */

/* Begin PBXGroup section */
		080E96DDFE201D6D7F000001 /* Classes */ = {
			isa = PBXGroup;
			children = (
				302D95EE14D2391D003F00A1 /* MainViewController.h */,
				302D95EF14D2391D003F00A1 /* MainViewController.m */,
				302D95F014D2391D003F00A1 /* MainViewController.xib */,
				1D3623240D0F684500981E51 /* AppDelegate.h */,
				1D3623250D0F684500981E51 /* AppDelegate.m */,
			);
			name = Classes;
			path = "3M Marine/Classes";
			sourceTree = SOURCE_ROOT;
		};
		19C28FACFE9D520D11CA2CBB /* Products */ = {
			isa = PBXGroup;
			children = (
				1D6058910D05DD3D006BFB54 /* 3M Marine.app */,
			);
			name = Products;
			sourceTree = "<group>";
		};
		29B97314FDCFA39411CA2CEA /* CustomTemplate */ = {
			isa = PBXGroup;
			children = (
				5624587A1E65910D005D86A0 /* 3M Marine.entitlements */,
				EB87FDF41871DAF40020F90C /* config.xml */,
				EB87FDF31871DA8E0020F90C /* www */,
				EB87FDF11871DA420020F90C /* Staging */,
				301BF52D109A57CC0062928A /* CordovaLib.xcodeproj */,
				080E96DDFE201D6D7F000001 /* Classes */,
				307C750510C5A3420062BCA9 /* Plugins */,
				29B97315FDCFA39411CA2CEA /* Other Sources */,
				29B97317FDCFA39411CA2CEA /* Resources */,
				29B97323FDCFA39411CA2CEA /* Frameworks */,
				19C28FACFE9D520D11CA2CBB /* Products */,
			);
			name = CustomTemplate;
			sourceTree = "<group>";
		};
		29B97315FDCFA39411CA2CEA /* Other Sources */ = {
			isa = PBXGroup;
			children = (
				32CA4F630368D1EE00C91783 /* 3M Marine-Prefix.pch */,
				29B97316FDCFA39411CA2CEA /* main.m */,
				ED33DF2A687741AEAF9F8254 /* Bridging-Header.h */,
			);
			name = "Other Sources";
			path = "3M Marine";
			sourceTree = "<group>";
		};
		29B97317FDCFA39411CA2CEA /* Resources */ = {
			isa = PBXGroup;
			children = (
				0207DA571B56EA530066E2B4 /* Images.xcassets */,
				3047A50E1AB8057F00498E2A /* config */,
				8D1107310486CEB800E47090 /* 3M Marine-Info.plist */,
				6AFF5BF81D6E424B00AB3073 /* CDVLaunchScreen.storyboard */,
				EBDBC328B9764FFA910C5C8A /* GoogleMaps.bundle */,
				CB25ABF099324B4EB6EB741A /* CsZBarScanView.xib */,
			);
			name = Resources;
			path = "3M Marine/Resources";
			sourceTree = "<group>";
		};
		29B97323FDCFA39411CA2CEA /* Frameworks */ = {
			isa = PBXGroup;
			children = (
				5F0DAF8366984E3CB932EF86 /* Accelerate.framework */,
				183FBD98D74D47958BAE9622 /* CoreData.framework */,
				52EE4A536BEA4948B1B5BA02 /* CoreLocation.framework */,
				F47A954E52454B26B002640D /* CoreText.framework */,
				29FFD28D2D0049B99E8D6A83 /* GLKit.framework */,
				481CADB3B9554B369E415472 /* ImageIO.framework */,
				E6981122544340F78603E9CB /* libc++.tbd */,
				254611B2BBF74B7CB51CA554 /* libz.tbd */,
				3DD3D770B3FC44C085435BF3 /* OpenGLES.framework */,
				283D57FE6D6842D98D30E975 /* QuartzCore.framework */,
				B2EB3B18B2DA4C42A27644A8 /* SystemConfiguration.framework */,
				8FEEEC87836E4A89ADDC3073 /* UIKit.framework */,
				C96C735339AF4FA7AE0A0256 /* GoogleMapsBase.framework */,
				B93E1BE2FB824C1081F48409 /* GoogleMaps.framework */,
				E90303AABB2E4CFEB6D3EAC0 /* GoogleMapsCore.framework */,
				1882D72001D5451895624146 /* libzbar.a */,
				CF742CAA4844467ABF31ED01 /* AVFoundation.framework */,
				A244F65925FE41BEA8474EA8 /* CoreMedia.framework */,
				68EDAF1352B8485781BBF4E8 /* CoreVideo.framework */,
				8CEA3143615C46519772F254 /* libiconv.dylib */,
				D3A4FB148388435AAEC2417F /* CoreMotion.framework */,
				7F7EAEF217274A5CB868FD69 /* MessageUI.framework */,
				F899F631DD2D467086ACE7C9 /* Bolts.framework */,
				6C16F8A8404F42E4B7649EC3 /* FBSDKCoreKit.framework */,
				6A6425FF28E64893996EAC5D /* FBSDKLoginKit.framework */,
				8F6FFEE97D60454681DE0A53 /* FBSDKShareKit.framework */,
				6C3A62858E004B8F82F17C51 /* GoogleAppUtilities.framework */,
				E6E8C14FADAE4E29A5B853AF /* GoogleAuthUtilities.framework */,
				4DAF2325371943EABE0A485C /* GoogleNetworkingUtilities.framework */,
				DB26836C7E1F49E4B412F41D /* GoogleSignIn.framework */,
				0F4B8AD03C2A4C95AF25939E /* GoogleSymbolUtilities.framework */,
				EFAEA3E5A4E34AAEBED9E785 /* GoogleUtilities.framework */,
				AE7C2C65F93F475191BC0393 /* AddressBook.framework */,
				98BC16E9C4CC4331A65EF58A /* SafariServices.framework */,
				E6C3CE4F08CF473E8DDD4107 /* Security.framework */,
				A2AACF49CB594E43A025AA8A /* libz.dylib */,
				DD73A52F2D3642DEAF8D128C /* Social.framework */,
			);
			name = Frameworks;
			sourceTree = "<group>";
		};
		301BF52E109A57CC0062928A /* Products */ = {
			isa = PBXGroup;
			children = (
				301BF535109A57CC0062928A /* libCordova.a */,
			);
			name = Products;
			sourceTree = "<group>";
		};
		3047A50E1AB8057F00498E2A /* config */ = {
			isa = PBXGroup;
			children = (
				3047A50F1AB8059700498E2A /* build-debug.xcconfig */,
				3047A5101AB8059700498E2A /* build-release.xcconfig */,
				3047A5111AB8059700498E2A /* build.xcconfig */,
			);
			name = config;
			sourceTree = "<group>";
		};
		307C750510C5A3420062BCA9 /* Plugins */ = {
			isa = PBXGroup;
			children = (
				3B2994CD7AA647BE8ECC90B9 /* CDVLogger.m */,
				29B95D3F783F417CA19C514A /* CDVLogger.h */,
				5A8459B451E44E2D97A8A20E /* CsZBar.m */,
				9EE2ECE003A04003B29C99AD /* AlmaZBarReaderViewController.m */,
				01646A91E78040B4981FEFB2 /* CsZBar.h */,
				EAA758392A734B199ED18939 /* AlmaZBarReaderViewController.h */,
				D67C7636684A4B6391CC2AD4 /* ZBarCameraSimulator.h */,
				9DDF2E52888645BDAF117048 /* ZBarCaptureReader.h */,
				CAB9BAEA50C34456950728FE /* ZBarHelpController.h */,
				894A2C8C062E41EAB9FB8483 /* ZBarImage.h */,
				BF71B15FB279479EA86535E5 /* ZBarImageScanner.h */,
				3716E0EAD0BD4229A9E5157E /* ZBarReaderController.h */,
				947B5EBD7DF94866A3F68C0E /* ZBarReaderView.h */,
				2D00975D4A7547BFA36B06EB /* ZBarReaderViewController.h */,
				8246FBFB57904D5B9F92B54D /* ZBarSDK.h */,
				58C64EDFB28E4631BC4638C7 /* ZBarSymbol.h */,
				8F5D85E1917E492BA9C430D5 /* zbar.h */,
				D1D5E63D289347BE8CC061F7 /* Decoder.h */,
				35F690F274F34FDC8DF4DD0A /* Exception.h */,
				1C8DB413EF914D4D8759951C /* Image.h */,
				756F6690FC5E4F77861714C0 /* ImageScanner.h */,
				DF03B9575D9F4CCC940CC527 /* Processor.h */,
				A24F3BDA22B044F19C75A5DC /* Scanner.h */,
				DF64495B14254A42970C6098 /* Symbol.h */,
				341246DC3BA748AC85149066 /* Video.h */,
				6501E2D72DA84C8FA2A24C98 /* Window.h */,
				8B16619C72284E7598D55432 /* CDVDevice.m */,
				DE04DE582B4A4EC4B170EA5F /* CDVDevice.h */,
				8DACD3540A294B26B0089594 /* CDVAccelerometer.m */,
				1279A7B0C50D4647BB7055C0 /* CDVAccelerometer.h */,
				7F1CBED4D427448B80352D88 /* CDVCompass.m */,
				1DF777EC96D84E8493050627 /* CDVCompass.h */,
				D4D6ABC4BF464B4E81B184E4 /* APPEmailComposer.m */,
				D8FD0DB1F1714A1CB112A0F4 /* APPEmailComposerImpl.m */,
				690128979ABB44F9903D6BBF /* APPEmailComposer.h */,
				C6B3AC311D8F412386D8CB01 /* APPEmailComposerImpl.h */,
				4DC6C62D247C4EB3A686E89B /* FacebookConnectPlugin.m */,
				C27C7CDBE01F47328BD589C0 /* FacebookConnectPlugin.h */,
				11A7BF2B97B3415995315313 /* CDVLocation.m */,
				EB14067B0DA64E6281485281 /* CDVLocation.h */,
				C30201AF57934D6193801F0C /* GooglePlus.m */,
				3A31ECEC585F441A89685A30 /* GooglePlus.h */,
				CA62B03B73384F4C892363DF /* CDVInAppBrowser.m */,
				4B1E674633754F87A377E4F1 /* CDVInAppBrowser.h */,
				9E488F9FB32F4C79B0D6A518 /* CDVSplashScreen.m */,
				D4196CC191C940FD86C0B729 /* CDVViewController+SplashScreen.m */,
				C0F6937A3BF94196A1FD6F89 /* CDVSplashScreen.h */,
				58DA473783F941EC90099AC5 /* CDVViewController+SplashScreen.h */,
				1C8221B1E6E147F2988911F8 /* CDVStatusBar.m */,
				47973E4FA832424BBB7C3116 /* CDVStatusBar.h */,
				DDF452206BB547F78E4BF158 /* NSString+URLEncoding.m */,
				5927C58B60CD43ADBB9625B3 /* SocialSharing.m */,
				8D26DCB5EAD045F0BABB70EE /* NSString+URLEncoding.h */,
				F374D6A3B1F44C1D843EA271 /* SocialSharing.h */,
				4B4E7CDB9BB74BD583C32018 /* IonicKeyboard.m */,
				7B488DB9D76541DFAE125683 /* IonicKeyboard.h */,
				597C863DE6994213A9E9D457 /* CFCallNumber.m */,
				E0F99E4997C94112A7A837DB /* CFCallNumber.h */,
			);
			name = Plugins;
			path = "3M Marine/Plugins";
			sourceTree = SOURCE_ROOT;
		};
		EB87FDF11871DA420020F90C /* Staging */ = {
			isa = PBXGroup;
			children = (
				F840E1F0165FE0F500CFE078 /* config.xml */,
				301BF56E109A69640062928A /* www */,
			);
			name = Staging;
			sourceTree = "<group>";
		};
/* End PBXGroup section */

/* Begin PBXNativeTarget section */
		1D6058900D05DD3D006BFB54 /* 3M Marine */ = {
			isa = PBXNativeTarget;
			buildConfigurationList = 1D6058960D05DD3E006BFB54 /* Build configuration list for PBXNativeTarget "3M Marine" */;
			buildPhases = (
				304B58A110DAC018002A0835 /* Copy www directory */,
				1D60588D0D05DD3D006BFB54 /* Resources */,
				1D60588E0D05DD3D006BFB54 /* Sources */,
				1D60588F0D05DD3D006BFB54 /* Frameworks */,
			);
			buildRules = (
			);
			dependencies = (
				301BF551109A68C00062928A /* PBXTargetDependency */,
			);
			name = "3M Marine";
			productName = "3M Marine";
			productReference = 1D6058910D05DD3D006BFB54 /* 3M Marine.app */;
			productType = "com.apple.product-type.application";
		};
/* End PBXNativeTarget section */

/* Begin PBXProject section */
		29B97313FDCFA39411CA2CEA /* Project object */ = {
			isa = PBXProject;
			attributes = {
				LastUpgradeCheck = 510;
				TargetAttributes = {
					1D6058900D05DD3D006BFB54 = {
						DevelopmentTeam = DNCWS3L8DY;
						SystemCapabilities = {
							com.apple.BackgroundModes = {
								enabled = 1;
							};
							com.apple.Keychain = {
								enabled = 1;
							};
						};
					};
				};
			};
			buildConfigurationList = C01FCF4E08A954540054247B /* Build configuration list for PBXProject "3M Marine" */;
			compatibilityVersion = "Xcode 3.2";
			developmentRegion = English;
			hasScannedForEncodings = 1;
			knownRegions = (
				en,
			);
			mainGroup = 29B97314FDCFA39411CA2CEA /* CustomTemplate */;
			projectDirPath = "";
			projectReferences = (
				{
					ProductGroup = 301BF52E109A57CC0062928A /* Products */;
					ProjectRef = 301BF52D109A57CC0062928A /* CordovaLib.xcodeproj */;
				},
			);
			projectRoot = "";
			targets = (
				1D6058900D05DD3D006BFB54 /* 3M Marine */,
			);
		};
/* End PBXProject section */

/* Begin PBXReferenceProxy section */
		301BF535109A57CC0062928A /* libCordova.a */ = {
			isa = PBXReferenceProxy;
			fileType = archive.ar;
			path = libCordova.a;
			remoteRef = 301BF534109A57CC0062928A /* PBXContainerItemProxy */;
			sourceTree = BUILT_PRODUCTS_DIR;
		};
/* End PBXReferenceProxy section */

/* Begin PBXResourcesBuildPhase section */
		1D60588D0D05DD3D006BFB54 /* Resources */ = {
			isa = PBXResourcesBuildPhase;
			buildActionMask = 2147483647;
			files = (
				302D95F214D2391D003F00A1 /* MainViewController.xib in Resources */,
				0207DA581B56EA530066E2B4 /* Images.xcassets in Resources */,
				6AFF5BF91D6E424B00AB3073 /* CDVLaunchScreen.storyboard in Resources */,
				1021A9AF0FD14A068D5FF6A2 /* GoogleMaps.bundle in Resources */,
				12765678701D4711BCAE570E /* CsZBarScanView.xib in Resources */,
			);
			runOnlyForDeploymentPostprocessing = 0;
		};
/* End PBXResourcesBuildPhase section */

/* Begin PBXShellScriptBuildPhase section */
		304B58A110DAC018002A0835 /* Copy www directory */ = {
			isa = PBXShellScriptBuildPhase;
			buildActionMask = 2147483647;
			files = (
			);
			inputPaths = (
			);
			name = "Copy www directory";
			outputPaths = (
			);
			runOnlyForDeploymentPostprocessing = 0;
			shellPath = /bin/sh;
			shellScript = "NODEJS_PATH=/usr/local/bin; NVM_NODE_PATH=~/.nvm/versions/node/`nvm version 2>/dev/null`/bin; N_NODE_PATH=`find /usr/local/n/versions/node/* -maxdepth 0 -type d 2>/dev/null | tail -1`/bin; XCODE_NODE_PATH=`xcode-select --print-path`/usr/share/xcs/Node/bin; PATH=$NODEJS_PATH:$NVM_NODE_PATH:$N_NODE_PATH:$XCODE_NODE_PATH:$PATH && node cordova/lib/copy-www-build-step.js";
			showEnvVarsInLog = 0;
		};
/* End PBXShellScriptBuildPhase section */

/* Begin PBXSourcesBuildPhase section */
		1D60588E0D05DD3D006BFB54 /* Sources */ = {
			isa = PBXSourcesBuildPhase;
			buildActionMask = 2147483647;
			files = (
				1D60589B0D05DD56006BFB54 /* main.m in Sources */,
				1D3623260D0F684500981E51 /* AppDelegate.m in Sources */,
				302D95F114D2391D003F00A1 /* MainViewController.m in Sources */,
				83FD6B28CA5241718295A742 /* CDVLogger.m in Sources */,
				E83F0A8624614697B4479091 /* CsZBar.m in Sources */,
				D3D9B465207A454983581D92 /* AlmaZBarReaderViewController.m in Sources */,
				3A1A77863F484703917CD36E /* CDVDevice.m in Sources */,
				5B942A49F9624D1191654FCA /* CDVAccelerometer.m in Sources */,
				BD97A7F57F8B4B12979BE7B5 /* CDVCompass.m in Sources */,
				36A04B0C23E94AD594F29F6B /* APPEmailComposer.m in Sources */,
				C075A6207EC94A7AA13C50AB /* APPEmailComposerImpl.m in Sources */,
				380D7AD2B88844AD9510397B /* FacebookConnectPlugin.m in Sources */,
				AE87636719B247DF897C03A4 /* CDVLocation.m in Sources */,
				ED16E38B122E4E468E2395AA /* GooglePlus.m in Sources */,
				7A8321D68B1E4FED85E41EB0 /* CDVInAppBrowser.m in Sources */,
				C17DC223953C4EC4AF999F4A /* CDVSplashScreen.m in Sources */,
				ED801E272E144C97ADE006C5 /* CDVViewController+SplashScreen.m in Sources */,
				AA52DEDB11FB4A41A21999FD /* CDVStatusBar.m in Sources */,
				1C3457A1806D47EF8E8A38C8 /* NSString+URLEncoding.m in Sources */,
				6AA21DA848064818B148BE4E /* SocialSharing.m in Sources */,
				48E96D6AAE9141C9807D2054 /* IonicKeyboard.m in Sources */,
				AFF208A3C2D6452FA9B2150C /* CFCallNumber.m in Sources */,
			);
			runOnlyForDeploymentPostprocessing = 0;
		};
/* End PBXSourcesBuildPhase section */

/* Begin PBXTargetDependency section */
		301BF551109A68C00062928A /* PBXTargetDependency */ = {
			isa = PBXTargetDependency;
			name = CordovaLib;
			targetProxy = 301BF550109A68C00062928A /* PBXContainerItemProxy */;
		};
/* End PBXTargetDependency section */

/* Begin XCBuildConfiguration section */
		1D6058940D05DD3E006BFB54 /* Debug */ = {
			isa = XCBuildConfiguration;
			baseConfigurationReference = 3047A50F1AB8059700498E2A /* build-debug.xcconfig */;
			buildSettings = {
				ALWAYS_SEARCH_USER_PATHS = NO;
				ASSETCATALOG_COMPILER_APPICON_NAME = AppIcon;
				ASSETCATALOG_COMPILER_LAUNCHIMAGE_NAME = LaunchImage;
				CLANG_ENABLE_MODULES = YES;
				CLANG_ENABLE_OBJC_ARC = YES;
				CODE_SIGN_ENTITLEMENTS = "3M Marine/3M Marine.entitlements";
				CODE_SIGN_IDENTITY = "iPhone Developer";
				COPY_PHASE_STRIP = NO;
				DEVELOPMENT_TEAM = DNCWS3L8DY;
				FRAMEWORK_SEARCH_PATHS = (
					"$(inherited)",
					"\"3M Marine/Plugins/com.googlemaps.ios\"",
					"\"3M Marine/Plugins/com.googlemaps.ios\"",
					"\"3M Marine/Plugins/com.googlemaps.ios\"",
					"\"3M Marine/Plugins/cordova-plugin-facebook4\"",
					"\"3M Marine/Plugins/cordova-plugin-facebook4\"",
					"\"3M Marine/Plugins/cordova-plugin-facebook4\"",
					"\"3M Marine/Plugins/cordova-plugin-facebook4\"",
					"\"3M Marine/Plugins/cordova-plugin-googleplus\"",
					"\"3M Marine/Plugins/cordova-plugin-googleplus\"",
					"\"3M Marine/Plugins/cordova-plugin-googleplus\"",
					"\"3M Marine/Plugins/cordova-plugin-googleplus\"",
					"\"3M Marine/Plugins/cordova-plugin-googleplus\"",
					"\"3M Marine/Plugins/cordova-plugin-googleplus\"",
				);
				GCC_DYNAMIC_NO_PIC = NO;
				GCC_OPTIMIZATION_LEVEL = 0;
				GCC_PRECOMPILE_PREFIX_HEADER = YES;
				GCC_PREFIX_HEADER = "3M Marine/3M Marine-Prefix.pch";
				GCC_THUMB_SUPPORT = NO;
				GCC_VERSION = "";
				INFOPLIST_FILE = "3M Marine/3M Marine-Info.plist";
				IPHONEOS_DEPLOYMENT_TARGET = 8.0;
				LD_RUNPATH_SEARCH_PATHS = "@executable_path/Frameworks";
				LIBRARY_SEARCH_PATHS = (
					"$(inherited)",
					"\"$(SRCROOT)/3M Marine/Plugins/cordova-plugin-cszbar\"",
				);
				PRODUCT_NAME = "3M Marine";
				TARGETED_DEVICE_FAMILY = "1,2";
			};
			name = Debug;
		};
		1D6058950D05DD3E006BFB54 /* Release */ = {
			isa = XCBuildConfiguration;
			baseConfigurationReference = 3047A5101AB8059700498E2A /* build-release.xcconfig */;
			buildSettings = {
				ALWAYS_SEARCH_USER_PATHS = NO;
				ASSETCATALOG_COMPILER_APPICON_NAME = AppIcon;
				ASSETCATALOG_COMPILER_LAUNCHIMAGE_NAME = LaunchImage;
				CLANG_ENABLE_MODULES = YES;
				CLANG_ENABLE_OBJC_ARC = YES;
				CODE_SIGN_ENTITLEMENTS = "3M Marine/3M Marine.entitlements";
				CODE_SIGN_IDENTITY = "iPhone Developer";
				COPY_PHASE_STRIP = YES;
				DEVELOPMENT_TEAM = DNCWS3L8DY;
				FRAMEWORK_SEARCH_PATHS = (
					"$(inherited)",
					"\"3M Marine/Plugins/com.googlemaps.ios\"",
					"\"3M Marine/Plugins/com.googlemaps.ios\"",
					"\"3M Marine/Plugins/com.googlemaps.ios\"",
					"\"3M Marine/Plugins/cordova-plugin-facebook4\"",
					"\"3M Marine/Plugins/cordova-plugin-facebook4\"",
					"\"3M Marine/Plugins/cordova-plugin-facebook4\"",
					"\"3M Marine/Plugins/cordova-plugin-facebook4\"",
					"\"3M Marine/Plugins/cordova-plugin-googleplus\"",
					"\"3M Marine/Plugins/cordova-plugin-googleplus\"",
					"\"3M Marine/Plugins/cordova-plugin-googleplus\"",
					"\"3M Marine/Plugins/cordova-plugin-googleplus\"",
					"\"3M Marine/Plugins/cordova-plugin-googleplus\"",
					"\"3M Marine/Plugins/cordova-plugin-googleplus\"",
				);
				GCC_PRECOMPILE_PREFIX_HEADER = YES;
				GCC_PREFIX_HEADER = "3M Marine/3M Marine-Prefix.pch";
				GCC_THUMB_SUPPORT = NO;
				GCC_VERSION = "";
				INFOPLIST_FILE = "3M Marine/3M Marine-Info.plist";
				IPHONEOS_DEPLOYMENT_TARGET = 8.0;
				LD_RUNPATH_SEARCH_PATHS = "@executable_path/Frameworks";
				LIBRARY_SEARCH_PATHS = (
					"$(inherited)",
					"\"$(SRCROOT)/3M Marine/Plugins/cordova-plugin-cszbar\"",
				);
				PRODUCT_NAME = "3M Marine";
				TARGETED_DEVICE_FAMILY = "1,2";
			};
			name = Release;
		};
		C01FCF4F08A954540054247B /* Debug */ = {
			isa = XCBuildConfiguration;
			baseConfigurationReference = 3047A5111AB8059700498E2A /* build.xcconfig */;
			buildSettings = {
				ASSETCATALOG_COMPILER_LAUNCHIMAGE_NAME = LaunchImage;
				CLANG_ENABLE_MODULES = YES;
				CLANG_ENABLE_OBJC_ARC = YES;
				CLANG_WARN_BOOL_CONVERSION = YES;
				CLANG_WARN_CONSTANT_CONVERSION = YES;
				CLANG_WARN_EMPTY_BODY = YES;
				CLANG_WARN_ENUM_CONVERSION = YES;
				CLANG_WARN_INT_CONVERSION = YES;
				CLANG_WARN__DUPLICATE_METHOD_MATCH = YES;
				GCC_C_LANGUAGE_STANDARD = c99;
				GCC_THUMB_SUPPORT = NO;
				GCC_VERSION = "";
				GCC_WARN_ABOUT_RETURN_TYPE = YES;
				GCC_WARN_UNDECLARED_SELECTOR = YES;
				GCC_WARN_UNINITIALIZED_AUTOS = YES;
				GCC_WARN_UNUSED_FUNCTION = YES;
				GCC_WARN_UNUSED_VARIABLE = YES;
				ONLY_ACTIVE_ARCH = YES;
				SDKROOT = iphoneos;
				SKIP_INSTALL = NO;
			};
			name = Debug;
		};
		C01FCF5008A954540054247B /* Release */ = {
			isa = XCBuildConfiguration;
			baseConfigurationReference = 3047A5111AB8059700498E2A /* build.xcconfig */;
			buildSettings = {
				ASSETCATALOG_COMPILER_LAUNCHIMAGE_NAME = LaunchImage;
				CLANG_ENABLE_MODULES = YES;
				CLANG_ENABLE_OBJC_ARC = YES;
				CLANG_WARN_BOOL_CONVERSION = YES;
				CLANG_WARN_CONSTANT_CONVERSION = YES;
				CLANG_WARN_EMPTY_BODY = YES;
				CLANG_WARN_ENUM_CONVERSION = YES;
				CLANG_WARN_INT_CONVERSION = YES;
				CLANG_WARN__DUPLICATE_METHOD_MATCH = YES;
				GCC_C_LANGUAGE_STANDARD = c99;
				GCC_THUMB_SUPPORT = NO;
				GCC_VERSION = "";
				GCC_WARN_ABOUT_RETURN_TYPE = YES;
				GCC_WARN_UNDECLARED_SELECTOR = YES;
				GCC_WARN_UNINITIALIZED_AUTOS = YES;
				GCC_WARN_UNUSED_FUNCTION = YES;
				GCC_WARN_UNUSED_VARIABLE = YES;
				SDKROOT = iphoneos;
				SKIP_INSTALL = NO;
			};
			name = Release;
		};
/* End XCBuildConfiguration section */

/* Begin XCConfigurationList section */
		1D6058960D05DD3E006BFB54 /* Build configuration list for PBXNativeTarget "3M Marine" */ = {
			isa = XCConfigurationList;
			buildConfigurations = (
				1D6058940D05DD3E006BFB54 /* Debug */,
				1D6058950D05DD3E006BFB54 /* Release */,
			);
			defaultConfigurationIsVisible = 0;
			defaultConfigurationName = Release;
		};
		C01FCF4E08A954540054247B /* Build configuration list for PBXProject "3M Marine" */ = {
			isa = XCConfigurationList;
			buildConfigurations = (
				C01FCF4F08A954540054247B /* Debug */,
				C01FCF5008A954540054247B /* Release */,
			);
			defaultConfigurationIsVisible = 0;
			defaultConfigurationName = Release;
		};
/* End XCConfigurationList section */
	};
	rootObject = 29B97313FDCFA39411CA2CEA /* Project object */;
}
